
Microsoft Visual Studio Solution File, Format Version 12.00
# Visual Studio Version 17
VisualStudioVersion = 17.5.2.0
MinimumVisualStudioVersion = 10.0.40219.1
Project("{FAE04EC0-301F-11D3-BF4B-00C04F79EFBC}") = "CWS Tool", "Gallery.csproj", "{F80088ED-FB62-0EDD-F5F7-01E897996896}"
EndProject
Project("{FAE04EC0-301F-11D3-BF4B-00C04F79EFBC}") = "CWSOpenHost", "CWSOpenHost\CWSOpenHost.csproj", "{1DD3BAA3-6656-4472-8646-05EA69F39A55}"
EndProject
Global
	GlobalSection(SolutionConfigurationPlatforms) = preSolution
		Debug|Any CPU = Debug|Any CPU
		Debug|x64 = Debug|x64
		Debug|x86 = Debug|x86
		Release|Any CPU = Release|Any CPU
		Release|x64 = Release|x64
		Release|x86 = Release|x86
	EndGlobalSection
	GlobalSection(ProjectConfigurationPlatforms) = postSolution
		{F80088ED-FB62-0EDD-F5F7-01E897996896}.Debug|Any CPU.ActiveCfg = Debug|Any CPU
		{F80088ED-FB62-0EDD-F5F7-01E897996896}.Debug|Any CPU.Build.0 = Debug|Any CPU
		{F80088ED-FB62-0EDD-F5F7-01E897996896}.Debug|x64.ActiveCfg = Debug|Any CPU
		{F80088ED-FB62-0EDD-F5F7-01E897996896}.Debug|x64.Build.0 = Debug|Any CPU
		{F80088ED-FB62-0EDD-F5F7-01E897996896}.Debug|x86.ActiveCfg = Debug|Any CPU
		{F80088ED-FB62-0EDD-F5F7-01E897996896}.Debug|x86.Build.0 = Debug|Any CPU
		{F80088ED-FB62-0EDD-F5F7-01E897996896}.Release|Any CPU.ActiveCfg = Release|Any CPU
		{F80088ED-FB62-0EDD-F5F7-01E897996896}.Release|Any CPU.Build.0 = Release|Any CPU
		{F80088ED-FB62-0EDD-F5F7-01E897996896}.Release|x64.ActiveCfg = Release|Any CPU
		{F80088ED-FB62-0EDD-F5F7-01E897996896}.Release|x64.Build.0 = Release|Any CPU
		{F80088ED-FB62-0EDD-F5F7-01E897996896}.Release|x86.ActiveCfg = Release|Any CPU
		{F80088ED-FB62-0EDD-F5F7-01E897996896}.Release|x86.Build.0 = Release|Any CPU
		{1DD3BAA3-6656-4472-8646-05EA69F39A55}.Debug|Any CPU.ActiveCfg = Debug|Any CPU
		{1DD3BAA3-6656-4472-8646-05EA69F39A55}.Debug|Any CPU.Build.0 = Debug|Any CPU
		{1DD3BAA3-6656-4472-8646-05EA69F39A55}.Debug|x64.ActiveCfg = Debug|Any CPU
		{1DD3BAA3-6656-4472-8646-05EA69F39A55}.Debug|x64.Build.0 = Debug|Any CPU
		{1DD3BAA3-6656-4472-8646-05EA69F39A55}.Debug|x86.ActiveCfg = Debug|Any CPU
		{1DD3BAA3-6656-4472-8646-05EA69F39A55}.Debug|x86.Build.0 = Debug|Any CPU
		{1DD3BAA3-6656-4472-8646-05EA69F39A55}.Release|Any CPU.ActiveCfg = Release|Any CPU
		{1DD3BAA3-6656-4472-8646-05EA69F39A55}.Release|Any CPU.Build.0 = Release|Any CPU
		{1DD3BAA3-6656-4472-8646-05EA69F39A55}.Release|x64.ActiveCfg = Release|Any CPU
		{1DD3BAA3-6656-4472-8646-05EA69F39A55}.Release|x64.Build.0 = Release|Any CPU
		{1DD3BAA3-6656-4472-8646-05EA69F39A55}.Release|x86.ActiveCfg = Release|Any CPU
		{1DD3BAA3-6656-4472-8646-05EA69F39A55}.Release|x86.Build.0 = Release|Any CPU
	EndGlobalSection
	GlobalSection(SolutionProperties) = preSolution
		HideSolutionNode = FALSE
	EndGlobalSection
	GlobalSection(ExtensibilityGlobals) = postSolution
		SolutionGuid = {62B4AF6E-0CBB-4FA8-B415-4A510DD73C46}
	EndGlobalSection
EndGlobal
